// !$*UTF8*$!
{
	archiveVersion = 1;
	classes = {
	};
	objectVersion = 50;
	objects = {

/* Begin PBXBuildFile section */
		C83047A9259BD89900963C0C /* AppDelegate.swift in Sources */ = {isa = PBXBuildFile; fileRef = C83047A8259BD89900963C0C /* AppDelegate.swift */; };
		C83047AB259BD89900963C0C /* SceneDelegate.swift in Sources */ = {isa = PBXBuildFile; fileRef = C83047AA259BD89900963C0C /* SceneDelegate.swift */; };
		C83047B0259BD89900963C0C /* Main.storyboard in Resources */ = {isa = PBXBuildFile; fileRef = C83047AE259BD89900963C0C /* Main.storyboard */; };
		C83047B2259BD89900963C0C /* Assets.xcassets in Resources */ = {isa = PBXBuildFile; fileRef = C83047B1259BD89900963C0C /* Assets.xcassets */; };
		C83047B5259BD89900963C0C /* LaunchScreen.storyboard in Resources */ = {isa = PBXBuildFile; fileRef = C83047B3259BD89900963C0C /* LaunchScreen.storyboard */; };
		C89B4F0825C48065001A72F2 /* Constants.swift in Sources */ = {isa = PBXBuildFile; fileRef = C89B4F0725C48065001A72F2 /* Constants.swift */; };
		C8B6007E259BF93C00C77A84 /* TodoListScreen.swift in Sources */ = {isa = PBXBuildFile; fileRef = C8B6007D259BF93C00C77A84 /* TodoListScreen.swift */; };
		C8B60081259BFC9A00C77A84 /* ItemCell.swift in Sources */ = {isa = PBXBuildFile; fileRef = C8B60080259BFC9A00C77A84 /* ItemCell.swift */; };
		C8B60086259BFE0900C77A84 /* Item.swift in Sources */ = {isa = PBXBuildFile; fileRef = C8B60085259BFE0900C77A84 /* Item.swift */; };
		C8B6008C259D29D600C77A84 /* NewListItemScreen.swift in Sources */ = {isa = PBXBuildFile; fileRef = C8B6008B259D29D600C77A84 /* NewListItemScreen.swift */; };
		C8B60094259D35FA00C77A84 /* README.md in Resources */ = {isa = PBXBuildFile; fileRef = C8B60093259D35FA00C77A84 /* README.md */; };
/* End PBXBuildFile section */

/* Begin PBXFileReference section */
		C83047A5259BD89900963C0C /* ScrubList.app */ = {isa = PBXFileReference; explicitFileType = wrapper.application; includeInIndex = 0; path = ScrubList.app; sourceTree = BUILT_PRODUCTS_DIR; };
		C83047A8259BD89900963C0C /* AppDelegate.swift */ = {isa = PBXFileReference; lastKnownFileType = sourcecode.swift; path = AppDelegate.swift; sourceTree = "<group>"; };
		C83047AA259BD89900963C0C /* SceneDelegate.swift */ = {isa = PBXFileReference; lastKnownFileType = sourcecode.swift; path = SceneDelegate.swift; sourceTree = "<group>"; };
		C83047AF259BD89900963C0C /* Base */ = {isa = PBXFileReference; lastKnownFileType = file.storyboard; name = Base; path = Base.lproj/Main.storyboard; sourceTree = "<group>"; };
		C83047B1259BD89900963C0C /* Assets.xcassets */ = {isa = PBXFileReference; lastKnownFileType = folder.assetcatalog; path = Assets.xcassets; sourceTree = "<group>"; };
		C83047B4259BD89900963C0C /* Base */ = {isa = PBXFileReference; lastKnownFileType = file.storyboard; name = Base; path = Base.lproj/LaunchScreen.storyboard; sourceTree = "<group>"; };
		C83047B6259BD89900963C0C /* Info.plist */ = {isa = PBXFileReference; lastKnownFileType = text.plist.xml; path = Info.plist; sourceTree = "<group>"; };
		C89B4F0725C48065001A72F2 /* Constants.swift */ = {isa = PBXFileReference; lastKnownFileType = sourcecode.swift; path = Constants.swift; sourceTree = "<group>"; };
		C8B6007D259BF93C00C77A84 /* TodoListScreen.swift */ = {isa = PBXFileReference; lastKnownFileType = sourcecode.swift; path = TodoListScreen.swift; sourceTree = "<group>"; };
		C8B60080259BFC9A00C77A84 /* ItemCell.swift */ = {isa = PBXFileReference; lastKnownFileType = sourcecode.swift; path = ItemCell.swift; sourceTree = "<group>"; };
		C8B60085259BFE0900C77A84 /* Item.swift */ = {isa = PBXFileReference; lastKnownFileType = sourcecode.swift; path = Item.swift; sourceTree = "<group>"; };
		C8B6008B259D29D600C77A84 /* NewListItemScreen.swift */ = {isa = PBXFileReference; lastKnownFileType = sourcecode.swift; path = NewListItemScreen.swift; sourceTree = "<group>"; };
		C8B60093259D35FA00C77A84 /* README.md */ = {isa = PBXFileReference; fileEncoding = 4; lastKnownFileType = net.daringfireball.markdown; path = README.md; sourceTree = "<group>"; };
/* End PBXFileReference section */

/* Begin PBXFrameworksBuildPhase section */
		C83047A2259BD89900963C0C /* Frameworks */ = {
			isa = PBXFrameworksBuildPhase;
			buildActionMask = 2147483647;
			files = (
			);
			runOnlyForDeploymentPostprocessing = 0;
		};
/* End PBXFrameworksBuildPhase section */

/* Begin PBXGroup section */
		C830479C259BD89900963C0C = {
			isa = PBXGroup;
			children = (
				C8B60093259D35FA00C77A84 /* README.md */,
				C83047A7259BD89900963C0C /* ScrubList */,
				C83047A6259BD89900963C0C /* Products */,
			);
			sourceTree = "<group>";
		};
		C83047A6259BD89900963C0C /* Products */ = {
			isa = PBXGroup;
			children = (
				C83047A5259BD89900963C0C /* ScrubList.app */,
			);
			name = Products;
			sourceTree = "<group>";
		};
		C83047A7259BD89900963C0C /* ScrubList */ = {
			isa = PBXGroup;
			children = (
				C83047A8259BD89900963C0C /* AppDelegate.swift */,
				C83047AA259BD89900963C0C /* SceneDelegate.swift */,
				C89B4F0725C48065001A72F2 /* Constants.swift */,
				C8B60089259C029800C77A84 /* Cells */,
				C8B6007C259BF8EE00C77A84 /* Controllers */,
				C8B60084259BFDEA00C77A84 /* Models */,
				C8B6007A259BF8BB00C77A84 /* Views */,
				C83047B1259BD89900963C0C /* Assets.xcassets */,
				C83047B3259BD89900963C0C /* LaunchScreen.storyboard */,
				C83047B6259BD89900963C0C /* Info.plist */,
			);
			path = ScrubList;
			sourceTree = "<group>";
		};
		C8B6007A259BF8BB00C77A84 /* Views */ = {
			isa = PBXGroup;
			children = (
				C83047AE259BD89900963C0C /* Main.storyboard */,
			);
			path = Views;
			sourceTree = "<group>";
		};
		C8B6007C259BF8EE00C77A84 /* Controllers */ = {
			isa = PBXGroup;
			children = (
				C8B6007D259BF93C00C77A84 /* TodoListScreen.swift */,
				C8B6008B259D29D600C77A84 /* NewListItemScreen.swift */,
			);
			path = Controllers;
			sourceTree = "<group>";
		};
		C8B60084259BFDEA00C77A84 /* Models */ = {
			isa = PBXGroup;
			children = (
				C8B60085259BFE0900C77A84 /* Item.swift */,
			);
			path = Models;
			sourceTree = "<group>";
		};
		C8B60089259C029800C77A84 /* Cells */ = {
			isa = PBXGroup;
			children = (
				C8B60080259BFC9A00C77A84 /* ItemCell.swift */,
			);
			path = Cells;
			sourceTree = "<group>";
		};
/* End PBXGroup section */

/* Begin PBXNativeTarget section */
		C83047A4259BD89900963C0C /* ScrubList */ = {
			isa = PBXNativeTarget;
			buildConfigurationList = C83047B9259BD89900963C0C /* Build configuration list for PBXNativeTarget "ScrubList" */;
			buildPhases = (
				C83047A1259BD89900963C0C /* Sources */,
				C83047A2259BD89900963C0C /* Frameworks */,
				C83047A3259BD89900963C0C /* Resources */,
			);
			buildRules = (
			);
			dependencies = (
			);
			name = ScrubList;
			productName = ScrubList;
			productReference = C83047A5259BD89900963C0C /* ScrubList.app */;
			productType = "com.apple.product-type.application";
		};
/* End PBXNativeTarget section */

/* Begin PBXProject section */
		C830479D259BD89900963C0C /* Project object */ = {
			isa = PBXProject;
			attributes = {
				LastSwiftUpdateCheck = 1210;
				LastUpgradeCheck = 1210;
				TargetAttributes = {
					C83047A4259BD89900963C0C = {
						CreatedOnToolsVersion = 12.1.1;
					};
				};
			};
			buildConfigurationList = C83047A0259BD89900963C0C /* Build configuration list for PBXProject "ScrubList" */;
			compatibilityVersion = "Xcode 9.3";
			developmentRegion = en;
			hasScannedForEncodings = 0;
			knownRegions = (
				en,
				Base,
			);
			mainGroup = C830479C259BD89900963C0C;
			productRefGroup = C83047A6259BD89900963C0C /* Products */;
			projectDirPath = "";
			projectRoot = "";
			targets = (
				C83047A4259BD89900963C0C /* ScrubList */,
			);
		};
/* End PBXProject section */

/* Begin PBXResourcesBuildPhase section */
		C83047A3259BD89900963C0C /* Resources */ = {
			isa = PBXResourcesBuildPhase;
			buildActionMask = 2147483647;
			files = (
				C83047B5259BD89900963C0C /* LaunchScreen.storyboard in Resources */,
				C83047B2259BD89900963C0C /* Assets.xcassets in Resources */,
				C8B60094259D35FA00C77A84 /* README.md in Resources */,
				C83047B0259BD89900963C0C /* Main.storyboard in Resources */,
			);
			runOnlyForDeploymentPostprocessing = 0;
		};
/* End PBXResourcesBuildPhase section */

/* Begin PBXSourcesBuildPhase section */
		C83047A1259BD89900963C0C /* Sources */ = {
			isa = PBXSourcesBuildPhase;
			buildActionMask = 2147483647;
			files = (
				C8B60086259BFE0900C77A84 /* Item.swift in Sources */,
				C8B6008C259D29D600C77A84 /* NewListItemScreen.swift in Sources */,
				C8B60081259BFC9A00C77A84 /* ItemCell.swift in Sources */,
				C8B6007E259BF93C00C77A84 /* TodoListScreen.swift in Sources */,
				C89B4F0825C48065001A72F2 /* Constants.swift in Sources */,
				C83047A9259BD89900963C0C /* AppDelegate.swift in Sources */,
				C83047AB259BD89900963C0C /* SceneDelegate.swift in Sources */,
			);
			runOnlyForDeploymentPostprocessing = 0;
		};
/* End PBXSourcesBuildPhase section */

/* Begin PBXVariantGroup section */
		C83047AE259BD89900963C0C /* Main.storyboard */ = {
			isa = PBXVariantGroup;
			children = (
				C83047AF259BD89900963C0C /* Base */,
			);
			name = Main.storyboard;
			sourceTree = "<group>";
		};
		C83047B3259BD89900963C0C /* LaunchScreen.storyboard */ = {
			isa = PBXVariantGroup;
			children = (
				C83047B4259BD89900963C0C /* Base */,
			);
			name = LaunchScreen.storyboard;
			sourceTree = "<group>";
		};
/* End PBXVariantGroup section */

/* Begin XCBuildConfiguration section */
		C83047B7259BD89900963C0C /* Debug */ = {
			isa = XCBuildConfiguration;
			buildSettings = {
				ALWAYS_SEARCH_USER_PATHS = NO;
				CLANG_ANALYZER_NONNULL = YES;
				CLANG_ANALYZER_NUMBER_OBJECT_CONVERSION = YES_AGGRESSIVE;
				CLANG_CXX_LANGUAGE_STANDARD = "gnu++14";
				CLANG_CXX_LIBRARY = "libc++";
				CLANG_ENABLE_MODULES = YES;
				CLANG_ENABLE_OBJC_ARC = YES;
				CLANG_ENABLE_OBJC_WEAK = YES;
				CLANG_WARN_BLOCK_CAPTURE_AUTORELEASING = YES;
				CLANG_WARN_BOOL_CONVERSION = YES;
				CLANG_WARN_COMMA = YES;
				CLANG_WARN_CONSTANT_CONVERSION = YES;
				CLANG_WARN_DEPRECATED_OBJC_IMPLEMENTATIONS = YES;
				CLANG_WARN_DIRECT_OBJC_ISA_USAGE = YES_ERROR;
				CLANG_WARN_DOCUMENTATION_COMMENTS = YES;
				CLANG_WARN_EMPTY_BODY = YES;
				CLANG_WARN_ENUM_CONVERSION = YES;
				CLANG_WARN_INFINITE_RECURSION = YES;
				CLANG_WARN_INT_CONVERSION = YES;
				CLANG_WARN_NON_LITERAL_NULL_CONVERSION = YES;
				CLANG_WARN_OBJC_IMPLICIT_RETAIN_SELF = YES;
				CLANG_WARN_OBJC_LITERAL_CONVERSION = YES;
				CLANG_WARN_OBJC_ROOT_CLASS = YES_ERROR;
				CLANG_WARN_QUOTED_INCLUDE_IN_FRAMEWORK_HEADER = YES;
				CLANG_WARN_RANGE_LOOP_ANALYSIS = YES;
				CLANG_WARN_STRICT_PROTOTYPES = YES;
				CLANG_WARN_SUSPICIOUS_MOVE = YES;
				CLANG_WARN_UNGUARDED_AVAILABILITY = YES_AGGRESSIVE;
				CLANG_WARN_UNREACHABLE_CODE = YES;
				CLANG_WARN__DUPLICATE_METHOD_MATCH = YES;
				COPY_PHASE_STRIP = NO;
				DEBUG_INFORMATION_FORMAT = dwarf;
				ENABLE_STRICT_OBJC_MSGSEND = YES;
				ENABLE_TESTABILITY = YES;
				GCC_C_LANGUAGE_STANDARD = gnu11;
				GCC_DYNAMIC_NO_PIC = NO;
				GCC_NO_COMMON_BLOCKS = YES;
				GCC_OPTIMIZATION_LEVEL = 0;
				GCC_PREPROCESSOR_DEFINITIONS = (
					"DEBUG=1",
					"$(inherited)",
				);
				GCC_WARN_64_TO_32_BIT_CONVERSION = YES;
				GCC_WARN_ABOUT_RETURN_TYPE = YES_ERROR;
				GCC_WARN_UNDECLARED_SELECTOR = YES;
				GCC_WARN_UNINITIALIZED_AUTOS = YES_AGGRESSIVE;
				GCC_WARN_UNUSED_FUNCTION = YES;
				GCC_WARN_UNUSED_VARIABLE = YES;
				IPHONEOS_DEPLOYMENT_TARGET = 14.2;
				MTL_ENABLE_DEBUG_INFO = INCLUDE_SOURCE;
				MTL_FAST_MATH = YES;
				ONLY_ACTIVE_ARCH = YES;
				SDKROOT = iphoneos;
				SWIFT_ACTIVE_COMPILATION_CONDITIONS = DEBUG;
				SWIFT_OPTIMIZATION_LEVEL = "-Onone";
			};
			name = Debug;
		};
		C83047B8259BD89900963C0C /* Release */ = {
			isa = XCBuildConfiguration;
			buildSettings = {
				ALWAYS_SEARCH_USER_PATHS = NO;
				CLANG_ANALYZER_NONNULL = YES;
				CLANG_ANALYZER_NUMBER_OBJECT_CONVERSION = YES_AGGRESSIVE;
				CLANG_CXX_LANGUAGE_STANDARD = "gnu++14";
				CLANG_CXX_LIBRARY = "libc++";
				CLANG_ENABLE_MODULES = YES;
				CLANG_ENABLE_OBJC_ARC = YES;
				CLANG_ENABLE_OBJC_WEAK = YES;
				CLANG_WARN_BLOCK_CAPTURE_AUTORELEASING = YES;
				CLANG_WARN_BOOL_CONVERSION = YES;
				CLANG_WARN_COMMA = YES;
				CLANG_WARN_CONSTANT_CONVERSION = YES;
				CLANG_WARN_DEPRECATED_OBJC_IMPLEMENTATIONS = YES;
				CLANG_WARN_DIRECT_OBJC_ISA_USAGE = YES_ERROR;
				CLANG_WARN_DOCUMENTATION_COMMENTS = YES;
				CLANG_WARN_EMPTY_BODY = YES;
				CLANG_WARN_ENUM_CONVERSION = YES;
				CLANG_WARN_INFINITE_RECURSION = YES;
				CLANG_WARN_INT_CONVERSION = YES;
				CLANG_WARN_NON_LITERAL_NULL_CONVERSION = YES;
				CLANG_WARN_OBJC_IMPLICIT_RETAIN_SELF = YES;
				CLANG_WARN_OBJC_LITERAL_CONVERSION = YES;
				CLANG_WARN_OBJC_ROOT_CLASS = YES_ERROR;
				CLANG_WARN_QUOTED_INCLUDE_IN_FRAMEWORK_HEADER = YES;
				CLANG_WARN_RANGE_LOOP_ANALYSIS = YES;
				CLANG_WARN_STRICT_PROTOTYPES = YES;
				CLANG_WARN_SUSPICIOUS_MOVE = YES;
				CLANG_WARN_UNGUARDED_AVAILABILITY = YES_AGGRESSIVE;
				CLANG_WARN_UNREACHABLE_CODE = YES;
				CLANG_WARN__DUPLICATE_METHOD_MATCH = YES;
				COPY_PHASE_STRIP = NO;
				DEBUG_INFORMATION_FORMAT = "dwarf-with-dsym";
				ENABLE_NS_ASSERTIONS = NO;
				ENABLE_STRICT_OBJC_MSGSEND = YES;
				GCC_C_LANGUAGE_STANDARD = gnu11;
				GCC_NO_COMMON_BLOCKS = YES;
				GCC_WARN_64_TO_32_BIT_CONVERSION = YES;
				GCC_WARN_ABOUT_RETURN_TYPE = YES_ERROR;
				GCC_WARN_UNDECLARED_SELECTOR = YES;
				GCC_WARN_UNINITIALIZED_AUTOS = YES_AGGRESSIVE;
				GCC_WARN_UNUSED_FUNCTION = YES;
				GCC_WARN_UNUSED_VARIABLE = YES;
				IPHONEOS_DEPLOYMENT_TARGET = 14.2;
				MTL_ENABLE_DEBUG_INFO = NO;
				MTL_FAST_MATH = YES;
				SDKROOT = iphoneos;
				SWIFT_COMPILATION_MODE = wholemodule;
				SWIFT_OPTIMIZATION_LEVEL = "-O";
				VALIDATE_PRODUCT = YES;
			};
			name = Release;
		};
		C83047BA259BD89900963C0C /* Debug */ = {
			isa = XCBuildConfiguration;
			buildSettings = {
				ASSETCATALOG_COMPILER_APPICON_NAME = AppIcon;
				ASSETCATALOG_COMPILER_GLOBAL_ACCENT_COLOR_NAME = AccentColor;
				CODE_SIGN_STYLE = Automatic;
				DEVELOPMENT_TEAM = 2ABK4QQ3NL;
				INFOPLIST_FILE = ScrubList/Info.plist;
				LD_RUNPATH_SEARCH_PATHS = (
					"$(inherited)",
					"@executable_path/Frameworks",
				);
				PRODUCT_BUNDLE_IDENTIFIER = com.Skwerlhub.ScrubList;
				PRODUCT_NAME = "$(TARGET_NAME)";
				SWIFT_VERSION = 5.0;
				TARGETED_DEVICE_FAMILY = "1,2";
			};
			name = Debug;
		};
		C83047BB259BD89900963C0C /* Release */ = {
			isa = XCBuildConfiguration;
			buildSettings = {
				ASSETCATALOG_COMPILER_APPICON_NAME = AppIcon;
				ASSETCATALOG_COMPILER_GLOBAL_ACCENT_COLOR_NAME = AccentColor;
				CODE_SIGN_STYLE = Automatic;
				DEVELOPMENT_TEAM = 2ABK4QQ3NL;
				INFOPLIST_FILE = ScrubList/Info.plist;
				LD_RUNPATH_SEARCH_PATHS = (
					"$(inherited)",
					"@executable_path/Frameworks",
				);
				PRODUCT_BUNDLE_IDENTIFIER = com.Skwerlhub.ScrubList;
				PRODUCT_NAME = "$(TARGET_NAME)";
				SWIFT_VERSION = 5.0;
				TARGETED_DEVICE_FAMILY = "1,2";
			};
			name = Release;
		};
/* End XCBuildConfiguration section */

/* Begin XCConfigurationList section */
		C83047A0259BD89900963C0C /* Build configuration list for PBXProject "ScrubList" */ = {
			isa = XCConfigurationList;
			buildConfigurations = (
				C83047B7259BD89900963C0C /* Debug */,
				C83047B8259BD89900963C0C /* Release */,
			);
			defaultConfigurationIsVisible = 0;
			defaultConfigurationName = Release;
		};
		C83047B9259BD89900963C0C /* Build configuration list for PBXNativeTarget "ScrubList" */ = {
			isa = XCConfigurationList;
			buildConfigurations = (
				C83047BA259BD89900963C0C /* Debug */,
				C83047BB259BD89900963C0C /* Release */,
			);
			defaultConfigurationIsVisible = 0;
			defaultConfigurationName = Release;
		};
/* End XCConfigurationList section */
	};
	rootObject = C830479D259BD89900963C0C /* Project object */;
}
